<?xml version="1.0" encoding="utf-8"?>
<Project ToolsVersion="4.0" xmlns="http://schemas.microsoft.com/developer/msbuild/2003">
  <ItemGroup>
    <Filter Include="Source Files">
      <UniqueIdentifier>{4FC737F1-C7A5-4376-A066-2A32D752A2FF}</UniqueIdentifier>
      <Extensions>cpp;c;cc;cxx;def;odl;idl;hpj;bat;asm;asmx</Extensions>
    </Filter>
    <Filter Include="Header Files">
      <UniqueIdentifier>{93995380-89BD-4b04-88EB-625FBE52EBFB}</UniqueIdentifier>
      <Extensions>h;hpp;hxx;hm;inl;inc;xsd</Extensions>
    </Filter>
    <Filter Include="Resource Files">
      <UniqueIdentifier>{67DA6AB6-F800-4c08-8B7A-83BB121AAD01}</UniqueIdentifier>
      <Extensions>rc;ico;cur;bmp;dlg;rc2;rct;bin;rgs;gif;jpg;jpeg;jpe;resx;tiff;tif;png;wav</Extensions>
    </Filter>
    <Filter Include="Moc Files">
      <UniqueIdentifier>{e97d0347-b1a9-47a1-8fb7-02ec72b50cbe}</UniqueIdentifier>
    </Filter>
  </ItemGroup>
  <ItemGroup>
    <ClCompile Include="..\..\src\Network\ftptask.cc">
      <Filter>Source Files</Filter>
    </ClCompile>
    <ClCompile Include="..\..\src\Network\jobcommunic.cc">
      <Filter>Source Files</Filter>
    </ClCompile>
    <ClCompile Include="..\..\src\Network\localserver.cc">
      <Filter>Source Files</Filter>
    </ClCompile>
    <ClCompile Include="..\..\src\Network\localsocket.cc">
      <Filter>Source Files</Filter>
    </ClCompile>
    <ClCompile Include="..\..\src\Network\odftp.cc">
      <Filter>Source Files</Filter>
    </ClCompile>
    <ClCompile Include="..\..\src\Network\odhttp.cc">
      <Filter>Source Files</Filter>
    </ClCompile>
    <ClCompile Include="..\..\src\Network\systeminfo.cc">
      <Filter>Source Files</Filter>
    </ClCompile>
    <ClCompile Include="..\..\src\Network\tcpserver.cc">
      <Filter>Source Files</Filter>
    </ClCompile>
    <ClCompile Include="..\..\src\Network\tcpsocket.cc">
      <Filter>Source Files</Filter>
    </ClCompile>
    <ClCompile Include="..\..\src\Network\qftpconn.moc.cc">
      <Filter>Moc Files</Filter>
    </ClCompile>
    <ClCompile Include="..\..\src\Network\qhttpconn.moc.cc">
      <Filter>Moc Files</Filter>
    </ClCompile>
    <ClCompile Include="..\..\src\Network\qlocalservercomm.moc.cc">
      <Filter>Moc Files</Filter>
    </ClCompile>
    <ClCompile Include="..\..\src\Network\qlocalsocketcomm.moc.cc">
      <Filter>Moc Files</Filter>
    </ClCompile>
    <ClCompile Include="..\..\src\Network\qtcpservercomm.moc.cc">
      <Filter>Moc Files</Filter>
    </ClCompile>
    <ClCompile Include="..\..\src\Network\qtcpsocketcomm.moc.cc">
      <Filter>Moc Files</Filter>
    </ClCompile>
    <ClCompile Include="..\..\src\Network\httptask.cc">
      <Filter>Source Files</Filter>
    </ClCompile>
    <ClCompile Include="..\..\src\Network\oddlsite.cc">
      <Filter>Source Files</Filter>
    </ClCompile>
    <ClCompile Include="..\..\src\Network\cvsaccess.cc">
      <Filter>Source Files</Filter>
    </ClCompile>
  </ItemGroup>
  <ItemGroup>
    <CustomBuild Include="..\..\include\Network\qftpconn.h">
      <Filter>Header Files</Filter>
    </CustomBuild>
    <CustomBuild Include="..\..\include\Network\qhttpconn.h">
      <Filter>Header Files</Filter>
    </CustomBuild>
    <CustomBuild Include="..\..\include\Network\qlocalservercomm.h">
      <Filter>Header Files</Filter>
    </CustomBuild>
    <CustomBuild Include="..\..\include\Network\qlocalsocketcomm.h">
      <Filter>Header Files</Filter>
    </CustomBuild>
    <CustomBuild Include="..\..\include\Network\qtcpservercomm.h">
      <Filter>Header Files</Filter>
    </CustomBuild>
    <CustomBuild Include="..\..\include\Network\qtcpsocketcomm.h">
      <Filter>Header Files</Filter>
    </CustomBuild>
  </ItemGroup>
</Project>