<?xml version="1.0" encoding="utf-8"?>
<Project ToolsVersion="4.0" xmlns="http://schemas.microsoft.com/developer/msbuild/2003">
  <ItemGroup>
    <Filter Include="Source Files">
      <UniqueIdentifier>{4FC737F1-C7A5-4376-A066-2A32D752A2FF}</UniqueIdentifier>
      <Extensions>cpp;c;cc;cxx;def;odl;idl;hpj;bat;asm;asmx</Extensions>
    </Filter>
    <Filter Include="Header Files">
      <UniqueIdentifier>{93995380-89BD-4b04-88EB-625FBE52EBFB}</UniqueIdentifier>
      <Extensions>h;hpp;hxx;hm;inl;inc;xsd</Extensions>
    </Filter>
    <Filter Include="Resource Files">
      <UniqueIdentifier>{67DA6AB6-F800-4c08-8B7A-83BB121AAD01}</UniqueIdentifier>
      <Extensions>rc;ico;cur;bmp;dlg;rc2;rct;bin;rgs;gif;jpg;jpeg;jpe;resx;tiff;tif;png;wav</Extensions>
    </Filter>
    <Filter Include="Moc Files">
      <UniqueIdentifier>{7667c2c1-e331-4c9e-bb6e-e058f8277f2e}</UniqueIdentifier>
    </Filter>
  </ItemGroup>
  <ItemGroup>
    <ClCompile Include="..\..\src\uiBase\i_layout.cc">
      <Filter>Source Files</Filter>
    </ClCompile>
    <ClCompile Include="..\..\src\uiBase\i_layoutitem.cc">
      <Filter>Source Files</Filter>
    </ClCompile>
    <ClCompile Include="..\..\src\uiBase\inituibase.cc">
      <Filter>Source Files</Filter>
    </ClCompile>
    <ClCompile Include="..\..\src\uiBase\iodraw.cc">
      <Filter>Source Files</Filter>
    </ClCompile>
    <ClCompile Include="..\..\src\uiBase\odgraphicsitem.cc">
      <Filter>Source Files</Filter>
    </ClCompile>
    <ClCompile Include="..\..\src\uiBase\pixmap.cc">
      <Filter>Source Files</Filter>
    </ClCompile>
    <ClCompile Include="..\..\src\uiBase\uiaction.cc">
      <Filter>Source Files</Filter>
    </ClCompile>
    <ClCompile Include="..\..\src\uiBase\uibutton.cc">
      <Filter>Source Files</Filter>
    </ClCompile>
    <ClCompile Include="..\..\src\uiBase\uibuttongroup.cc">
      <Filter>Source Files</Filter>
    </ClCompile>
    <ClCompile Include="..\..\src\uiBase\uicanvas.cc">
      <Filter>Source Files</Filter>
    </ClCompile>
    <ClCompile Include="..\..\src\uiBase\uicolor.cc">
      <Filter>Source Files</Filter>
    </ClCompile>
    <ClCompile Include="..\..\src\uiBase\uicombobox.cc">
      <Filter>Source Files</Filter>
    </ClCompile>
    <ClCompile Include="..\..\src\uiBase\uicursor.cc">
      <Filter>Source Files</Filter>
    </ClCompile>
    <ClCompile Include="..\..\src\uiBase\uidesktopservices.cc">
      <Filter>Source Files</Filter>
    </ClCompile>
    <ClCompile Include="..\..\src\uiBase\uidial.cc">
      <Filter>Source Files</Filter>
    </ClCompile>
    <ClCompile Include="..\..\src\uiBase\uidockwin.cc">
      <Filter>Source Files</Filter>
    </ClCompile>
    <ClCompile Include="..\..\src\uiBase\uidrawable.cc">
      <Filter>Source Files</Filter>
    </ClCompile>
    <ClCompile Include="..\..\src\uiBase\uifiledlg.cc">
      <Filter>Source Files</Filter>
    </ClCompile>
    <ClCompile Include="..\..\src\uiBase\uifont.cc">
      <Filter>Source Files</Filter>
    </ClCompile>
    <ClCompile Include="..\..\src\uiBase\uigraphicscoltab.cc">
      <Filter>Source Files</Filter>
    </ClCompile>
    <ClCompile Include="..\..\src\uiBase\uigraphicsitem.cc">
      <Filter>Source Files</Filter>
    </ClCompile>
    <ClCompile Include="..\..\src\uiBase\uigraphicsitemimpl.cc">
      <Filter>Source Files</Filter>
    </ClCompile>
    <ClCompile Include="..\..\src\uiBase\uigraphicsscene.cc">
      <Filter>Source Files</Filter>
    </ClCompile>
    <ClCompile Include="..\..\src\uiBase\uigraphicsviewbase.cc">
      <Filter>Source Files</Filter>
    </ClCompile>
    <ClCompile Include="..\..\src\uiBase\uigroup.cc">
      <Filter>Source Files</Filter>
    </ClCompile>
    <ClCompile Include="..\..\src\uiBase\uilabel.cc">
      <Filter>Source Files</Filter>
    </ClCompile>
    <ClCompile Include="..\..\src\uiBase\uilayout.cc">
      <Filter>Source Files</Filter>
    </ClCompile>
    <ClCompile Include="..\..\src\uiBase\uilineedit.cc">
      <Filter>Source Files</Filter>
    </ClCompile>
    <ClCompile Include="..\..\src\uiBase\uilistbox.cc">
      <Filter>Source Files</Filter>
    </ClCompile>
    <ClCompile Include="..\..\src\uiBase\uilistview.cc">
      <Filter>Source Files</Filter>
    </ClCompile>
    <ClCompile Include="..\..\src\uiBase\uimain.cc">
      <Filter>Source Files</Filter>
    </ClCompile>
    <ClCompile Include="..\..\src\uiBase\uimainwin.cc">
      <Filter>Source Files</Filter>
    </ClCompile>
    <ClCompile Include="..\..\src\uiBase\uimdiarea.cc">
      <Filter>Source Files</Filter>
    </ClCompile>
    <ClCompile Include="..\..\src\uiBase\uimenu.cc">
      <Filter>Source Files</Filter>
    </ClCompile>
    <ClCompile Include="..\..\src\uiBase\uimsg.cc">
      <Filter>Source Files</Filter>
    </ClCompile>
    <ClCompile Include="..\..\src\uiBase\uiobj.cc">
      <Filter>Source Files</Filter>
    </ClCompile>
    <ClCompile Include="..\..\src\uiBase\uiobjbody.cc">
      <Filter>Source Files</Filter>
    </ClCompile>
    <ClCompile Include="..\..\src\uiBase\uiobjectstack.cc">
      <Filter>Source Files</Filter>
    </ClCompile>
    <ClCompile Include="..\..\src\uiBase\uiprogressbar.cc">
      <Filter>Source Files</Filter>
    </ClCompile>
    <ClCompile Include="..\..\src\uiBase\uirgbarray.cc">
      <Filter>Source Files</Filter>
    </ClCompile>
    <ClCompile Include="..\..\src\uiBase\uirubberband.cc">
      <Filter>Source Files</Filter>
    </ClCompile>
    <ClCompile Include="..\..\src\uiBase\uiseparator.cc">
      <Filter>Source Files</Filter>
    </ClCompile>
    <ClCompile Include="..\..\src\uiBase\uishortcutsmgr.cc">
      <Filter>Source Files</Filter>
    </ClCompile>
    <ClCompile Include="..\..\src\uiBase\uislider.cc">
      <Filter>Source Files</Filter>
    </ClCompile>
    <ClCompile Include="..\..\src\uiBase\uispinbox.cc">
      <Filter>Source Files</Filter>
    </ClCompile>
    <ClCompile Include="..\..\src\uiBase\uisplashscreen.cc">
      <Filter>Source Files</Filter>
    </ClCompile>
    <ClCompile Include="..\..\src\uiBase\uisplitter.cc">
      <Filter>Source Files</Filter>
    </ClCompile>
    <ClCompile Include="..\..\src\uiBase\uistatusbar.cc">
      <Filter>Source Files</Filter>
    </ClCompile>
    <ClCompile Include="..\..\src\uiBase\uisystemtrayicon.cc">
      <Filter>Source Files</Filter>
    </ClCompile>
    <ClCompile Include="..\..\src\uiBase\uitabbar.cc">
      <Filter>Source Files</Filter>
    </ClCompile>
    <ClCompile Include="..\..\src\uiBase\uitable.cc">
      <Filter>Source Files</Filter>
    </ClCompile>
    <ClCompile Include="..\..\src\uiBase\uitabstack.cc">
      <Filter>Source Files</Filter>
    </ClCompile>
    <ClCompile Include="..\..\src\uiBase\uitextedit.cc">
      <Filter>Source Files</Filter>
    </ClCompile>
    <ClCompile Include="..\..\src\uiBase\uitoolbar.cc">
      <Filter>Source Files</Filter>
    </ClCompile>
    <ClCompile Include="..\..\src\uiBase\uivirtualkeyboard.cc">
      <Filter>Source Files</Filter>
    </ClCompile>
    <ClCompile Include="..\..\src\uiBase\i_qaction.moc.cc">
      <Filter>Moc Files</Filter>
    </ClCompile>
    <ClCompile Include="..\..\src\uiBase\i_qbutton.moc.cc">
      <Filter>Moc Files</Filter>
    </ClCompile>
    <ClCompile Include="..\..\src\uiBase\i_qcombobox.moc.cc">
      <Filter>Moc Files</Filter>
    </ClCompile>
    <ClCompile Include="..\..\src\uiBase\i_qdial.moc.cc">
      <Filter>Moc Files</Filter>
    </ClCompile>
    <ClCompile Include="..\..\src\uiBase\i_qlineedit.moc.cc">
      <Filter>Moc Files</Filter>
    </ClCompile>
    <ClCompile Include="..\..\src\uiBase\i_qlistbox.moc.cc">
      <Filter>Moc Files</Filter>
    </ClCompile>
    <ClCompile Include="..\..\src\uiBase\i_qlistview.moc.cc">
      <Filter>Moc Files</Filter>
    </ClCompile>
    <ClCompile Include="..\..\src\uiBase\i_qmdiarea.moc.cc">
      <Filter>Moc Files</Filter>
    </ClCompile>
    <ClCompile Include="..\..\src\uiBase\i_qmenu.moc.cc">
      <Filter>Moc Files</Filter>
    </ClCompile>
    <ClCompile Include="..\..\src\uiBase\i_qslider.moc.cc">
      <Filter>Moc Files</Filter>
    </ClCompile>
    <ClCompile Include="..\..\src\uiBase\i_qspinbox.moc.cc">
      <Filter>Moc Files</Filter>
    </ClCompile>
    <ClCompile Include="..\..\src\uiBase\i_qsystemtrayicon.moc.cc">
      <Filter>Moc Files</Filter>
    </ClCompile>
    <ClCompile Include="..\..\src\uiBase\i_qtabbar.moc.cc">
      <Filter>Moc Files</Filter>
    </ClCompile>
    <ClCompile Include="..\..\src\uiBase\i_qtable.moc.cc">
      <Filter>Moc Files</Filter>
    </ClCompile>
    <ClCompile Include="..\..\src\uiBase\i_qtextedit.moc.cc">
      <Filter>Moc Files</Filter>
    </ClCompile>
    <ClCompile Include="..\..\src\uiBase\i_qtoolbar.moc.cc">
      <Filter>Moc Files</Filter>
    </ClCompile>
    <ClCompile Include="..\..\src\uiBase\i_qtoolbut.moc.cc">
      <Filter>Moc Files</Filter>
    </ClCompile>
    <ClCompile Include="..\..\src\uiBase\i_qtxtbrowser.moc.cc">
      <Filter>Moc Files</Filter>
    </ClCompile>
  </ItemGroup>
  <ItemGroup>
    <CustomBuild Include="..\..\include\uiBase\i_qaction.h">
      <Filter>Header Files</Filter>
    </CustomBuild>
    <CustomBuild Include="..\..\include\uiBase\i_qbutton.h">
      <Filter>Header Files</Filter>
    </CustomBuild>
    <CustomBuild Include="..\..\include\uiBase\i_qcombobox.h">
      <Filter>Header Files</Filter>
    </CustomBuild>
    <CustomBuild Include="..\..\include\uiBase\i_qdial.h">
      <Filter>Header Files</Filter>
    </CustomBuild>
    <CustomBuild Include="..\..\include\uiBase\i_qlineedit.h">
      <Filter>Header Files</Filter>
    </CustomBuild>
    <CustomBuild Include="..\..\include\uiBase\i_qlistbox.h">
      <Filter>Header Files</Filter>
    </CustomBuild>
    <CustomBuild Include="..\..\include\uiBase\i_qlistview.h">
      <Filter>Header Files</Filter>
    </CustomBuild>
    <CustomBuild Include="..\..\include\uiBase\i_qmdiarea.h">
      <Filter>Header Files</Filter>
    </CustomBuild>
    <CustomBuild Include="..\..\include\uiBase\i_qmenu.h">
      <Filter>Header Files</Filter>
    </CustomBuild>
    <CustomBuild Include="..\..\include\uiBase\i_qslider.h">
      <Filter>Header Files</Filter>
    </CustomBuild>
    <CustomBuild Include="..\..\include\uiBase\i_qspinbox.h">
      <Filter>Header Files</Filter>
    </CustomBuild>
    <CustomBuild Include="..\..\include\uiBase\i_qsystemtrayicon.h">
      <Filter>Header Files</Filter>
    </CustomBuild>
    <CustomBuild Include="..\..\include\uiBase\i_qtabbar.h">
      <Filter>Header Files</Filter>
    </CustomBuild>
    <CustomBuild Include="..\..\include\uiBase\i_qtable.h">
      <Filter>Header Files</Filter>
    </CustomBuild>
    <CustomBuild Include="..\..\include\uiBase\i_qtextedit.h">
      <Filter>Header Files</Filter>
    </CustomBuild>
    <CustomBuild Include="..\..\include\uiBase\i_qtoolbar.h">
      <Filter>Header Files</Filter>
    </CustomBuild>
    <CustomBuild Include="..\..\include\uiBase\i_qtoolbut.h">
      <Filter>Header Files</Filter>
    </CustomBuild>
    <CustomBuild Include="..\..\include\uiBase\i_qtxtbrowser.h">
      <Filter>Header Files</Filter>
    </CustomBuild>
  </ItemGroup>
</Project>