<?xml version="1.0" encoding="utf-8"?>
<Project ToolsVersion="4.0" xmlns="http://schemas.microsoft.com/developer/msbuild/2003">
  <ItemGroup>
    <Filter Include="Source Files">
      <UniqueIdentifier>{4FC737F1-C7A5-4376-A066-2A32D752A2FF}</UniqueIdentifier>
      <Extensions>cpp;c;cc;cxx;def;odl;idl;hpj;bat;asm;asmx</Extensions>
    </Filter>
    <Filter Include="Header Files">
      <UniqueIdentifier>{93995380-89BD-4b04-88EB-625FBE52EBFB}</UniqueIdentifier>
      <Extensions>h;hpp;hxx;hm;inl;inc;xsd</Extensions>
    </Filter>
    <Filter Include="Resource Files">
      <UniqueIdentifier>{67DA6AB6-F800-4c08-8B7A-83BB121AAD01}</UniqueIdentifier>
      <Extensions>rc;ico;cur;bmp;dlg;rc2;rct;bin;rgs;gif;jpg;jpeg;jpe;resx;tiff;tif;png;wav</Extensions>
    </Filter>
  </ItemGroup>
  <ItemGroup>
    <ClCompile Include="..\..\src\uiFlatView\flatviewaxesdrawer.cc">
      <Filter>Source Files</Filter>
    </ClCompile>
    <ClCompile Include="..\..\src\uiFlatView\flatviewbitmap.cc">
      <Filter>Source Files</Filter>
    </ClCompile>
    <ClCompile Include="..\..\src\uiFlatView\flatviewzoommgr.cc">
      <Filter>Source Files</Filter>
    </ClCompile>
    <ClCompile Include="..\..\src\uiFlatView\uiflatauxdataeditor.cc">
      <Filter>Source Files</Filter>
    </ClCompile>
    <ClCompile Include="..\..\src\uiFlatView\uiflatauxdataeditorlist.cc">
      <Filter>Source Files</Filter>
    </ClCompile>
    <ClCompile Include="..\..\src\uiFlatView\uiflatviewcoltabed.cc">
      <Filter>Source Files</Filter>
    </ClCompile>
    <ClCompile Include="..\..\src\uiFlatView\uiflatviewcontrol.cc">
      <Filter>Source Files</Filter>
    </ClCompile>
    <ClCompile Include="..\..\src\uiFlatView\uiflatviewer.cc">
      <Filter>Source Files</Filter>
    </ClCompile>
    <ClCompile Include="..\..\src\uiFlatView\uiflatviewpropdlg.cc">
      <Filter>Source Files</Filter>
    </ClCompile>
    <ClCompile Include="..\..\src\uiFlatView\uiflatviewslicepos.cc">
      <Filter>Source Files</Filter>
    </ClCompile>
    <ClCompile Include="..\..\src\uiFlatView\uiflatviewstdcontrol.cc">
      <Filter>Source Files</Filter>
    </ClCompile>
    <ClCompile Include="..\..\src\uiFlatView\uiflatviewthumbnail.cc">
      <Filter>Source Files</Filter>
    </ClCompile>
    <ClCompile Include="..\..\src\uiFlatView\uiflatviewwin.cc">
      <Filter>Source Files</Filter>
    </ClCompile>
    <ClCompile Include="..\..\src\uiFlatView\uimultiflatviewcontrol.cc">
      <Filter>Source Files</Filter>
    </ClCompile>
  </ItemGroup>
</Project>