<?xml version="1.0" encoding="utf-8"?>
<Project ToolsVersion="4.0" xmlns="http://schemas.microsoft.com/developer/msbuild/2003">
  <ItemGroup>
    <Filter Include="Source Files">
      <UniqueIdentifier>{4FC737F1-C7A5-4376-A066-2A32D752A2FF}</UniqueIdentifier>
      <Extensions>cpp;c;cc;cxx;def;odl;idl;hpj;bat;asm;asmx</Extensions>
    </Filter>
    <Filter Include="Header Files">
      <UniqueIdentifier>{93995380-89BD-4b04-88EB-625FBE52EBFB}</UniqueIdentifier>
      <Extensions>h;hpp;hxx;hm;inl;inc;xsd</Extensions>
    </Filter>
    <Filter Include="Resource Files">
      <UniqueIdentifier>{67DA6AB6-F800-4c08-8B7A-83BB121AAD01}</UniqueIdentifier>
      <Extensions>rc;ico;cur;bmp;dlg;rc2;rct;bin;rgs;gif;jpg;jpeg;jpe;resx;tiff;tif;png;wav</Extensions>
    </Filter>
  </ItemGroup>
  <ItemGroup>
    <ClCompile Include="..\..\plugins\uiGMT\uigmt2dlines.cc">
      <Filter>Source Files</Filter>
    </ClCompile>
    <ClCompile Include="..\..\plugins\uiGMT\uigmtadv.cc">
      <Filter>Source Files</Filter>
    </ClCompile>
    <ClCompile Include="..\..\plugins\uiGMT\uigmtarray2dinterpol.cc">
      <Filter>Source Files</Filter>
    </ClCompile>
    <ClCompile Include="..\..\plugins\uiGMT\uigmtbasemap.cc">
      <Filter>Source Files</Filter>
    </ClCompile>
    <ClCompile Include="..\..\plugins\uiGMT\uigmtcoastline.cc">
      <Filter>Source Files</Filter>
    </ClCompile>
    <ClCompile Include="..\..\plugins\uiGMT\uigmtcontour.cc">
      <Filter>Source Files</Filter>
    </ClCompile>
    <ClCompile Include="..\..\plugins\uiGMT\uigmtfaults.cc">
      <Filter>Source Files</Filter>
    </ClCompile>
    <ClCompile Include="..\..\plugins\uiGMT\uigmtinfodlg.cc">
      <Filter>Source Files</Filter>
    </ClCompile>
    <ClCompile Include="..\..\plugins\uiGMT\uigmtlocations.cc">
      <Filter>Source Files</Filter>
    </ClCompile>
    <ClCompile Include="..\..\plugins\uiGMT\uigmtmainwin.cc">
      <Filter>Source Files</Filter>
    </ClCompile>
    <ClCompile Include="..\..\plugins\uiGMT\uigmtoverlay.cc">
      <Filter>Source Files</Filter>
    </ClCompile>
    <ClCompile Include="..\..\plugins\uiGMT\uigmtpi.cc">
      <Filter>Source Files</Filter>
    </ClCompile>
    <ClCompile Include="..\..\plugins\uiGMT\uigmtpolyline.cc">
      <Filter>Source Files</Filter>
    </ClCompile>
    <ClCompile Include="..\..\plugins\uiGMT\uigmtrandlines.cc">
      <Filter>Source Files</Filter>
    </ClCompile>
    <ClCompile Include="..\..\plugins\uiGMT\uigmtsymbolpars.cc">
      <Filter>Source Files</Filter>
    </ClCompile>
    <ClCompile Include="..\..\plugins\uiGMT\uigmtwells.cc">
      <Filter>Source Files</Filter>
    </ClCompile>
    <ClCompile Include="..\..\plugins\uiGMT\uigmtclip.cc">
      <Filter>Source Files</Filter>
    </ClCompile>
  </ItemGroup>
  <ItemGroup>
    <ClInclude Include="..\..\plugins\uiGMT\uigmt2dlines.h">
      <Filter>Header Files</Filter>
    </ClInclude>
    <ClInclude Include="..\..\plugins\uiGMT\uigmtadv.h">
      <Filter>Header Files</Filter>
    </ClInclude>
    <ClInclude Include="..\..\plugins\uiGMT\uigmtbasemap.h">
      <Filter>Header Files</Filter>
    </ClInclude>
    <ClInclude Include="..\..\plugins\uiGMT\uigmtcoastline.h">
      <Filter>Header Files</Filter>
    </ClInclude>
    <ClInclude Include="..\..\plugins\uiGMT\uigmtcontour.h">
      <Filter>Header Files</Filter>
    </ClInclude>
    <ClInclude Include="..\..\plugins\uiGMT\uigmtlocations.h">
      <Filter>Header Files</Filter>
    </ClInclude>
    <ClInclude Include="..\..\plugins\uiGMT\uigmtmainwin.h">
      <Filter>Header Files</Filter>
    </ClInclude>
    <ClInclude Include="..\..\plugins\uiGMT\uigmtoverlay.h">
      <Filter>Header Files</Filter>
    </ClInclude>
    <ClInclude Include="..\..\plugins\uiGMT\uigmtpolyline.h">
      <Filter>Header Files</Filter>
    </ClInclude>
    <ClInclude Include="..\..\plugins\uiGMT\uigmtrandlines.h">
      <Filter>Header Files</Filter>
    </ClInclude>
    <ClInclude Include="..\..\plugins\uiGMT\uigmtsymbolpars.h">
      <Filter>Header Files</Filter>
    </ClInclude>
    <ClInclude Include="..\..\plugins\uiGMT\uigmtwells.h">
      <Filter>Header Files</Filter>
    </ClInclude>
  </ItemGroup>
</Project>