<?xml version="1.0" encoding="utf-8"?>
<Project ToolsVersion="4.0" xmlns="http://schemas.microsoft.com/developer/msbuild/2003">
  <ItemGroup>
    <Filter Include="Source Files">
      <UniqueIdentifier>{4FC737F1-C7A5-4376-A066-2A32D752A2FF}</UniqueIdentifier>
      <Extensions>cpp;c;cc;cxx;def;odl;idl;hpj;bat;asm;asmx</Extensions>
    </Filter>
    <Filter Include="Header Files">
      <UniqueIdentifier>{93995380-89BD-4b04-88EB-625FBE52EBFB}</UniqueIdentifier>
      <Extensions>h;hpp;hxx;hm;inl;inc;xsd</Extensions>
    </Filter>
    <Filter Include="Resource Files">
      <UniqueIdentifier>{67DA6AB6-F800-4c08-8B7A-83BB121AAD01}</UniqueIdentifier>
      <Extensions>rc;ico;cur;bmp;dlg;rc2;rct;bin;rgs;gif;jpg;jpeg;jpe;resx;tiff;tif;png;wav</Extensions>
    </Filter>
  </ItemGroup>
  <ItemGroup>
    <ClCompile Include="..\..\src\uiIo\dpsdensitycalc.cc">
      <Filter>Source Files</Filter>
    </ClCompile>
    <ClCompile Include="..\..\src\uiIo\inituiio.cc">
      <Filter>Source Files</Filter>
    </ClCompile>
    <ClCompile Include="..\..\src\uiIo\ui2dgeomman.cc">
      <Filter>Source Files</Filter>
    </ClCompile>
    <ClCompile Include="..\..\src\uiIo\ui2dsip.cc">
      <Filter>Source Files</Filter>
    </ClCompile>
    <ClCompile Include="..\..\src\uiIo\uibatchlaunch.cc">
      <Filter>Source Files</Filter>
    </ClCompile>
    <ClCompile Include="..\..\src\uiIo\uibatchprogs.cc">
      <Filter>Source Files</Filter>
    </ClCompile>
    <ClCompile Include="..\..\src\uiIo\uiclusterjobprov.cc">
      <Filter>Source Files</Filter>
    </ClCompile>
    <ClCompile Include="..\..\src\uiIo\uiconvpos.cc">
      <Filter>Source Files</Filter>
    </ClCompile>
    <ClCompile Include="..\..\src\uiIo\uicrdevenv.cc">
      <Filter>Source Files</Filter>
    </ClCompile>
    <ClCompile Include="..\..\src\uiIo\uicreatedpspdf.cc">
      <Filter>Source Files</Filter>
    </ClCompile>
    <ClCompile Include="..\..\src\uiIo\uicreatepicks.cc">
      <Filter>Source Files</Filter>
    </ClCompile>
    <ClCompile Include="..\..\src\uiIo\uidatapointset.cc">
      <Filter>Source Files</Filter>
    </ClCompile>
    <ClCompile Include="..\..\src\uiIo\uidatapointsetcrossplot.cc">
      <Filter>Source Files</Filter>
    </ClCompile>
    <ClCompile Include="..\..\src\uiIo\uidatapointsetcrossplotwin.cc">
      <Filter>Source Files</Filter>
    </ClCompile>
    <ClCompile Include="..\..\src\uiIo\uidpscrossplotpropdlg.cc">
      <Filter>Source Files</Filter>
    </ClCompile>
    <ClCompile Include="..\..\src\uiIo\uidpscrossplottools.cc">
      <Filter>Source Files</Filter>
    </ClCompile>
    <ClCompile Include="..\..\src\uiIo\uidpsoverlayattrdlg.cc">
      <Filter>Source Files</Filter>
    </ClCompile>
    <ClCompile Include="..\..\src\uiIo\uieditpdf.cc">
      <Filter>Source Files</Filter>
    </ClCompile>
    <ClCompile Include="..\..\src\uiIo\uiimpexppdf.cc">
      <Filter>Source Files</Filter>
    </ClCompile>
    <ClCompile Include="..\..\src\uiIo\uiimpexpselgrp.cc">
      <Filter>Source Files</Filter>
    </ClCompile>
    <ClCompile Include="..\..\src\uiIo\uiimppickset.cc">
      <Filter>Source Files</Filter>
    </ClCompile>
    <ClCompile Include="..\..\src\uiIo\uiimppvds.cc">
      <Filter>Source Files</Filter>
    </ClCompile>
    <ClCompile Include="..\..\src\uiIo\uiioobj.cc">
      <Filter>Source Files</Filter>
    </ClCompile>
    <ClCompile Include="..\..\src\uiIo\uiioobjmanip.cc">
      <Filter>Source Files</Filter>
    </ClCompile>
    <ClCompile Include="..\..\src\uiIo\uiioobjsel.cc">
      <Filter>Source Files</Filter>
    </ClCompile>
    <ClCompile Include="..\..\src\uiIo\uilatlong.cc">
      <Filter>Source Files</Filter>
    </ClCompile>
    <ClCompile Include="..\..\src\uiIo\uiobjfileman.cc">
      <Filter>Source Files</Filter>
    </ClCompile>
    <ClCompile Include="..\..\src\uiIo\uipickpartserv.cc">
      <Filter>Source Files</Filter>
    </ClCompile>
    <ClCompile Include="..\..\src\uiIo\uipicksetman.cc">
      <Filter>Source Files</Filter>
    </ClCompile>
    <ClCompile Include="..\..\src\uiIo\uipicksetmgr.cc">
      <Filter>Source Files</Filter>
    </ClCompile>
    <ClCompile Include="..\..\src\uiIo\uiposfilterset.cc">
      <Filter>Source Files</Filter>
    </ClCompile>
    <ClCompile Include="..\..\src\uiIo\uiposfiltgroup.cc">
      <Filter>Source Files</Filter>
    </ClCompile>
    <ClCompile Include="..\..\src\uiIo\uiposprovgroup.cc">
      <Filter>Source Files</Filter>
    </ClCompile>
    <ClCompile Include="..\..\src\uiIo\uiposprovider.cc">
      <Filter>Source Files</Filter>
    </ClCompile>
    <ClCompile Include="..\..\src\uiIo\uiprobdenfuncman.cc">
      <Filter>Source Files</Filter>
    </ClCompile>
    <ClCompile Include="..\..\src\uiIo\uiprobdenfunvarsel.cc">
      <Filter>Source Files</Filter>
    </ClCompile>
    <ClCompile Include="..\..\src\uiIo\uiselobjothersurv.cc">
      <Filter>Source Files</Filter>
    </ClCompile>
    <ClCompile Include="..\..\src\uiIo\uiselsurvranges.cc">
      <Filter>Source Files</Filter>
    </ClCompile>
    <ClCompile Include="..\..\src\uiIo\uisetdatadir.cc">
      <Filter>Source Files</Filter>
    </ClCompile>
    <ClCompile Include="..\..\src\uiIo\uisrchprocfiles.cc">
      <Filter>Source Files</Filter>
    </ClCompile>
    <ClCompile Include="..\..\src\uiIo\uisurvey.cc">
      <Filter>Source Files</Filter>
    </ClCompile>
    <ClCompile Include="..\..\src\uiIo\uisurveyselect.cc">
      <Filter>Source Files</Filter>
    </ClCompile>
    <ClCompile Include="..\..\src\uiIo\uisurvinfoed.cc">
      <Filter>Source Files</Filter>
    </ClCompile>
    <ClCompile Include="..\..\src\uiIo\uisurvmap.cc">
      <Filter>Source Files</Filter>
    </ClCompile>
    <ClCompile Include="..\..\src\uiIo\uit2dconvsel.cc">
      <Filter>Source Files</Filter>
    </ClCompile>
    <ClCompile Include="..\..\src\uiIo\uidpsselgrpdlg.cc">
      <Filter>Source Files</Filter>
    </ClCompile>
    <ClCompile Include="..\..\src\uiIo\uimanprops.cc">
      <Filter>Source Files</Filter>
    </ClCompile>
    <ClCompile Include="..\..\src\uiIo\uidpsrefineseldlg.cc">
      <Filter>Source Files</Filter>
    </ClCompile>
    <ClCompile Include="..\..\src\uiIo\uidpsaddcolumndlg.cc">
      <Filter>Source Files</Filter>
    </ClCompile>
    <ClCompile Include="..\..\src\uiIo\uidpsselectednessdlg.cc">
      <Filter>Source Files</Filter>
    </ClCompile>
    <ClCompile Include="..\..\src\uiIo\uidatapointsetman.cc">
      <Filter>Source Files</Filter>
    </ClCompile>
    <ClCompile Include="..\..\src\uiIo\uidatapointsetmerger.cc">
      <Filter>Source Files</Filter>
    </ClCompile>
  </ItemGroup>
</Project>