<?xml version="1.0" encoding="utf-8"?>
<Project ToolsVersion="4.0" xmlns="http://schemas.microsoft.com/developer/msbuild/2003">
  <ItemGroup>
    <Filter Include="Source Files">
      <UniqueIdentifier>{4FC737F1-C7A5-4376-A066-2A32D752A2FF}</UniqueIdentifier>
      <Extensions>cpp;c;cc;cxx;def;odl;idl;hpj;bat;asm;asmx</Extensions>
    </Filter>
    <Filter Include="Header Files">
      <UniqueIdentifier>{93995380-89BD-4b04-88EB-625FBE52EBFB}</UniqueIdentifier>
      <Extensions>h;hpp;hxx;hm;inl;inc;xsd</Extensions>
    </Filter>
    <Filter Include="Resource Files">
      <UniqueIdentifier>{67DA6AB6-F800-4c08-8B7A-83BB121AAD01}</UniqueIdentifier>
      <Extensions>rc;ico;cur;bmp;dlg;rc2;rct;bin;rgs;gif;jpg;jpeg;jpe;resx;tiff;tif;png;wav</Extensions>
    </Filter>
  </ItemGroup>
  <ItemGroup>
    <ClCompile Include="..\..\src\uiVis\uiattribtransdlg.cc">
      <Filter>Source Files</Filter>
    </ClCompile>
    <ClCompile Include="..\..\src\uiVis\uigridlinesdlg.cc">
      <Filter>Source Files</Filter>
    </ClCompile>
    <ClCompile Include="..\..\src\uiVis\uimarkerstyledlg.cc">
      <Filter>Source Files</Filter>
    </ClCompile>
    <ClCompile Include="..\..\src\uiVis\uimaterialdlg.cc">
      <Filter>Source Files</Filter>
    </ClCompile>
    <ClCompile Include="..\..\src\uiVis\uimpeman.cc">
      <Filter>Source Files</Filter>
    </ClCompile>
    <ClCompile Include="..\..\src\uiVis\uipickpropdlg.cc">
      <Filter>Source Files</Filter>
    </ClCompile>
    <ClCompile Include="..\..\src\uiVis\uiscenecolorbarmgr.cc">
      <Filter>Source Files</Filter>
    </ClCompile>
    <ClCompile Include="..\..\src\uiVis\uiscenepropdlg.cc">
      <Filter>Source Files</Filter>
    </ClCompile>
    <ClCompile Include="..\..\src\uiVis\uiseedpropdlg.cc">
      <Filter>Source Files</Filter>
    </ClCompile>
    <ClCompile Include="..\..\src\uiVis\uisurvtopbotimg.cc">
      <Filter>Source Files</Filter>
    </ClCompile>
    <ClCompile Include="..\..\src\uiVis\uiviscoltabed.cc">
      <Filter>Source Files</Filter>
    </ClCompile>
    <ClCompile Include="..\..\src\uiVis\uivisdatapointsetdisplaymgr.cc">
      <Filter>Source Files</Filter>
    </ClCompile>
    <ClCompile Include="..\..\src\uiVis\uivisdirlightdlg.cc">
      <Filter>Source Files</Filter>
    </ClCompile>
    <ClCompile Include="..\..\src\uiVis\uivisemobj.cc">
      <Filter>Source Files</Filter>
    </ClCompile>
    <ClCompile Include="..\..\src\uiVis\uivisisosurface.cc">
      <Filter>Source Files</Filter>
    </ClCompile>
    <ClCompile Include="..\..\src\uiVis\uivismenuitemhandler.cc">
      <Filter>Source Files</Filter>
    </ClCompile>
    <ClCompile Include="..\..\src\uiVis\uivispartserv.cc">
      <Filter>Source Files</Filter>
    </ClCompile>
    <ClCompile Include="..\..\src\uiVis\uivispickretriever.cc">
      <Filter>Source Files</Filter>
    </ClCompile>
    <ClCompile Include="..\..\src\uiVis\uivisplanedatadisplaydragprop.cc">
      <Filter>Source Files</Filter>
    </ClCompile>
    <ClCompile Include="..\..\src\uiVis\uivispolygonsurfbezierdlg.cc">
      <Filter>Source Files</Filter>
    </ClCompile>
    <ClCompile Include="..\..\src\uiVis\uivisslicepos3d.cc">
      <Filter>Source Files</Filter>
    </ClCompile>
    <ClCompile Include="..\..\src\uiVis\uiviszstretchdlg.cc">
      <Filter>Source Files</Filter>
    </ClCompile>
    <ClCompile Include="..\..\src\uiVis\uifltdispoptgrp.cc">
      <Filter>Source Files</Filter>
    </ClCompile>
  </ItemGroup>
</Project>