<?xml version="1.0" encoding="utf-8"?>
<Project ToolsVersion="4.0" xmlns="http://schemas.microsoft.com/developer/msbuild/2003">
  <ItemGroup>
    <Filter Include="Source Files">
      <UniqueIdentifier>{4FC737F1-C7A5-4376-A066-2A32D752A2FF}</UniqueIdentifier>
      <Extensions>cpp;c;cc;cxx;def;odl;idl;hpj;bat;asm;asmx</Extensions>
    </Filter>
    <Filter Include="Header Files">
      <UniqueIdentifier>{93995380-89BD-4b04-88EB-625FBE52EBFB}</UniqueIdentifier>
      <Extensions>h;hpp;hxx;hm;inl;inc;xsd</Extensions>
    </Filter>
    <Filter Include="Resource Files">
      <UniqueIdentifier>{67DA6AB6-F800-4c08-8B7A-83BB121AAD01}</UniqueIdentifier>
      <Extensions>rc;ico;cur;bmp;dlg;rc2;rct;bin;rgs;gif;jpg;jpeg;jpe;resx;tiff;tif;png;wav</Extensions>
    </Filter>
  </ItemGroup>
  <ItemGroup>
    <ClCompile Include="..\..\src\uiWell\inituiwell.cc">
      <Filter>Source Files</Filter>
    </ClCompile>
    <ClCompile Include="..\..\src\uiWell\uid2tmodelgrp.cc">
      <Filter>Source Files</Filter>
    </ClCompile>
    <ClCompile Include="..\..\src\uiWell\uimultiwelllogsel.cc">
      <Filter>Source Files</Filter>
    </ClCompile>
    <ClCompile Include="..\..\src\uiWell\uisimplemultiwell.cc">
      <Filter>Source Files</Filter>
    </ClCompile>
    <ClCompile Include="..\..\src\uiWell\uiwelldahdisplay.cc">
      <Filter>Source Files</Filter>
    </ClCompile>
    <ClCompile Include="..\..\src\uiWell\uiwelldisplay.cc">
      <Filter>Source Files</Filter>
    </ClCompile>
    <ClCompile Include="..\..\src\uiWell\uiwelldisplaycontrol.cc">
      <Filter>Source Files</Filter>
    </ClCompile>
    <ClCompile Include="..\..\src\uiWell\uiwelldisplaymarkeredit.cc">
      <Filter>Source Files</Filter>
    </ClCompile>
    <ClCompile Include="..\..\src\uiWell\uiwelldispprop.cc">
      <Filter>Source Files</Filter>
    </ClCompile>
    <ClCompile Include="..\..\src\uiWell\uiwelldisppropdlg.cc">
      <Filter>Source Files</Filter>
    </ClCompile>
    <ClCompile Include="..\..\src\uiWell\uiwelldlgs.cc">
      <Filter>Source Files</Filter>
    </ClCompile>
    <ClCompile Include="..\..\src\uiWell\uiwellimpasc.cc">
      <Filter>Source Files</Filter>
    </ClCompile>
    <ClCompile Include="..\..\src\uiWell\uiwelllogcalc.cc">
      <Filter>Source Files</Filter>
    </ClCompile>
    <ClCompile Include="..\..\src\uiWell\uiwelllogdisplay.cc">
      <Filter>Source Files</Filter>
    </ClCompile>
    <ClCompile Include="..\..\src\uiWell\uiwelllogtools.cc">
      <Filter>Source Files</Filter>
    </ClCompile>
    <ClCompile Include="..\..\src\uiWell\uiwellman.cc">
      <Filter>Source Files</Filter>
    </ClCompile>
    <ClCompile Include="..\..\src\uiWell\uiwellmarkerdlg.cc">
      <Filter>Source Files</Filter>
    </ClCompile>
    <ClCompile Include="..\..\src\uiWell\uiwellpartserv.cc">
      <Filter>Source Files</Filter>
    </ClCompile>
    <ClCompile Include="..\..\src\uiWell\uiwellrdmlinedlg.cc">
      <Filter>Source Files</Filter>
    </ClCompile>
    <ClCompile Include="..\..\src\uiWell\uiwellstratdisplay.cc">
      <Filter>Source Files</Filter>
    </ClCompile>
    <ClCompile Include="..\..\src\uiWell\uiwellt2dconv.cc">
      <Filter>Source Files</Filter>
    </ClCompile>
    <ClCompile Include="..\..\src\uiWell\uiwellposprov.cc">
      <Filter>Source Files</Filter>
    </ClCompile>
    <ClCompile Include="..\..\src\uiWell\uiwellsel.cc">
      <Filter>Source Files</Filter>
    </ClCompile>
    <ClCompile Include="..\..\src\uiWell\uiwellpropertyrefsel.cc">
      <Filter>Source Files</Filter>
    </ClCompile>
    <ClCompile Include="..\..\src\uiWell\uiwelllogcalcinpdata.cc">
      <Filter>Source Files</Filter>
    </ClCompile>
  </ItemGroup>
</Project>