
Microsoft Visual Studio Solution File, Format Version 9.00
# Visual Studio 2005
Project("{2150E333-8FDC-42A3-9474-1A3956D46DE8}") = "Lib", "Lib", "{1C1A6B86-0EE3-4D8E-B961-4E30D92C90A4}"
EndProject
Project("{2150E333-8FDC-42A3-9474-1A3956D46DE8}") = "Bin", "Bin", "{A7E75057-6A07-4732-A5D4-F4DBB6FBCC92}"
EndProject
Project("{8BC9CEB8-8B4A-11D0-8D11-00A0C91BC942}") = "Annotations", "projects\Annotations.vcproj", "{50E28EE6-84E9-42CC-AB41-289157BE0E9D}"
EndProject
Project("{8BC9CEB8-8B4A-11D0-8D11-00A0C91BC942}") = "CmdDriver", "projects\CmdDriver.vcproj", "{CDE8CE62-735C-4E55-AA94-81D9839268D6}"
EndProject
Project("{8BC9CEB8-8B4A-11D0-8D11-00A0C91BC942}") = "GapDecon", "projects\GapDecon.vcproj", "{26A033AA-0157-409A-8A26-C03B71944C7E}"
EndProject
Project("{8BC9CEB8-8B4A-11D0-8D11-00A0C91BC942}") = "GMT", "projects\GMT.vcproj", "{1F00633E-4156-41D3-AD95-B4A9CA360486}"
EndProject
Project("{8BC9CEB8-8B4A-11D0-8D11-00A0C91BC942}") = "HorizonAttrib", "projects\HorizonAttrib.vcproj", "{7A9784ED-FDBC-47E4-8E0B-9DE4DA5F30AB}"
EndProject
Project("{8BC9CEB8-8B4A-11D0-8D11-00A0C91BC942}") = "Madagascar", "projects\Madagascar.vcproj", "{398218E7-BF60-4A65-BF1E-19FCD053B83B}"
EndProject
Project("{8BC9CEB8-8B4A-11D0-8D11-00A0C91BC942}") = "uiGapDecon", "projects\uiGapDecon.vcproj", "{42DEE088-BCCE-441B-BC3E-F25197BC0563}"
EndProject
Project("{8BC9CEB8-8B4A-11D0-8D11-00A0C91BC942}") = "uiGMT", "projects\uiGMT.vcproj", "{019D223C-E1CB-4D19-83C5-8A16D15D2684}"
	ProjectSection(ProjectDependencies) = postProject
		{1F00633E-4156-41D3-AD95-B4A9CA360486} = {1F00633E-4156-41D3-AD95-B4A9CA360486}
	EndProjectSection
EndProject
Project("{8BC9CEB8-8B4A-11D0-8D11-00A0C91BC942}") = "uiGoogleIO", "projects\uiGoogleIO.vcproj", "{202C7F59-CAAA-4F85-9550-31C5B7A9FA7E}"
EndProject
Project("{8BC9CEB8-8B4A-11D0-8D11-00A0C91BC942}") = "uiMadagascar", "projects\uiMadagascar.vcproj", "{7592DA1F-2DF6-4E2B-9761-F3EC91D58F61}"
	ProjectSection(ProjectDependencies) = postProject
		{398218E7-BF60-4A65-BF1E-19FCD053B83B} = {398218E7-BF60-4A65-BF1E-19FCD053B83B}
	EndProjectSection
EndProject
Project("{8BC9CEB8-8B4A-11D0-8D11-00A0C91BC942}") = "uiHorizonAttrib", "projects\uiHorizonAttrib.vcproj", "{7A874B7D-98DC-445D-A7A7-C3AD92D4CBB5}"
	ProjectSection(ProjectDependencies) = postProject
		{7A9784ED-FDBC-47E4-8E0B-9DE4DA5F30AB} = {7A9784ED-FDBC-47E4-8E0B-9DE4DA5F30AB}
	EndProjectSection
EndProject
Project("{8BC9CEB8-8B4A-11D0-8D11-00A0C91BC942}") = "uiPreStackViewer", "projects\uiPreStackViewer.vcproj", "{BBAC67E0-11A6-46C9-B68B-80EBBEC29446}"
EndProject
Project("{8BC9CEB8-8B4A-11D0-8D11-00A0C91BC942}") = "od_madexec", "projects\od_madexec.vcproj", "{8442D041-C5DB-4944-A936-45B7D2BCDB2F}"
	ProjectSection(ProjectDependencies) = postProject
		{398218E7-BF60-4A65-BF1E-19FCD053B83B} = {398218E7-BF60-4A65-BF1E-19FCD053B83B}
	EndProjectSection
EndProject
Project("{8BC9CEB8-8B4A-11D0-8D11-00A0C91BC942}") = "od_gmtexec", "projects\od_gmtexec.vcproj", "{D7EBABD0-5A22-462B-891E-43B28B4F8F5E}"
	ProjectSection(ProjectDependencies) = postProject
		{1F00633E-4156-41D3-AD95-B4A9CA360486} = {1F00633E-4156-41D3-AD95-B4A9CA360486}
	EndProjectSection
EndProject
Project("{8BC9CEB8-8B4A-11D0-8D11-00A0C91BC942}") = "uiImpGPR", "projects\uiImpGPR.vcproj", "{10D51989-61E4-4E15-8DCC-851B609A76EE}"
EndProject
Project("{8BC9CEB8-8B4A-11D0-8D11-00A0C91BC942}") = "GoogleTranslate", "projects\GoogleTranslate.vcproj", "{7D284FDA-2AB4-4CBB-8C5C-24F443A64F7D}"
EndProject
Global
	GlobalSection(SolutionConfigurationPlatforms) = preSolution
		Debug|Win32 = Debug|Win32
		Debug|x64 = Debug|x64
		Release|Win32 = Release|Win32
		Release|x64 = Release|x64
	EndGlobalSection
	GlobalSection(ProjectConfigurationPlatforms) = postSolution
		{50E28EE6-84E9-42CC-AB41-289157BE0E9D}.Debug|Win32.ActiveCfg = Debug|Win32
		{50E28EE6-84E9-42CC-AB41-289157BE0E9D}.Debug|Win32.Build.0 = Debug|Win32
		{50E28EE6-84E9-42CC-AB41-289157BE0E9D}.Debug|x64.ActiveCfg = Debug|x64
		{50E28EE6-84E9-42CC-AB41-289157BE0E9D}.Debug|x64.Build.0 = Debug|x64
		{50E28EE6-84E9-42CC-AB41-289157BE0E9D}.Release|Win32.ActiveCfg = Release|Win32
		{50E28EE6-84E9-42CC-AB41-289157BE0E9D}.Release|Win32.Build.0 = Release|Win32
		{50E28EE6-84E9-42CC-AB41-289157BE0E9D}.Release|x64.ActiveCfg = Release|x64
		{50E28EE6-84E9-42CC-AB41-289157BE0E9D}.Release|x64.Build.0 = Release|x64
		{CDE8CE62-735C-4E55-AA94-81D9839268D6}.Debug|Win32.ActiveCfg = Debug|Win32
		{CDE8CE62-735C-4E55-AA94-81D9839268D6}.Debug|Win32.Build.0 = Debug|Win32
		{CDE8CE62-735C-4E55-AA94-81D9839268D6}.Debug|x64.ActiveCfg = Debug|x64
		{CDE8CE62-735C-4E55-AA94-81D9839268D6}.Debug|x64.Build.0 = Debug|x64
		{CDE8CE62-735C-4E55-AA94-81D9839268D6}.Release|Win32.ActiveCfg = Release|Win32
		{CDE8CE62-735C-4E55-AA94-81D9839268D6}.Release|Win32.Build.0 = Release|Win32
		{CDE8CE62-735C-4E55-AA94-81D9839268D6}.Release|x64.ActiveCfg = Release|x64
		{CDE8CE62-735C-4E55-AA94-81D9839268D6}.Release|x64.Build.0 = Release|x64
		{26A033AA-0157-409A-8A26-C03B71944C7E}.Debug|Win32.ActiveCfg = Debug|Win32
		{26A033AA-0157-409A-8A26-C03B71944C7E}.Debug|Win32.Build.0 = Debug|Win32
		{26A033AA-0157-409A-8A26-C03B71944C7E}.Debug|x64.ActiveCfg = Debug|x64
		{26A033AA-0157-409A-8A26-C03B71944C7E}.Debug|x64.Build.0 = Debug|x64
		{26A033AA-0157-409A-8A26-C03B71944C7E}.Release|Win32.ActiveCfg = Release|Win32
		{26A033AA-0157-409A-8A26-C03B71944C7E}.Release|Win32.Build.0 = Release|Win32
		{26A033AA-0157-409A-8A26-C03B71944C7E}.Release|x64.ActiveCfg = Release|x64
		{26A033AA-0157-409A-8A26-C03B71944C7E}.Release|x64.Build.0 = Release|x64
		{1F00633E-4156-41D3-AD95-B4A9CA360486}.Debug|Win32.ActiveCfg = Debug|Win32
		{1F00633E-4156-41D3-AD95-B4A9CA360486}.Debug|Win32.Build.0 = Debug|Win32
		{1F00633E-4156-41D3-AD95-B4A9CA360486}.Debug|x64.ActiveCfg = Debug|x64
		{1F00633E-4156-41D3-AD95-B4A9CA360486}.Debug|x64.Build.0 = Debug|x64
		{1F00633E-4156-41D3-AD95-B4A9CA360486}.Release|Win32.ActiveCfg = Release|Win32
		{1F00633E-4156-41D3-AD95-B4A9CA360486}.Release|Win32.Build.0 = Release|Win32
		{1F00633E-4156-41D3-AD95-B4A9CA360486}.Release|x64.ActiveCfg = Release|x64
		{1F00633E-4156-41D3-AD95-B4A9CA360486}.Release|x64.Build.0 = Release|x64
		{7A9784ED-FDBC-47E4-8E0B-9DE4DA5F30AB}.Debug|Win32.ActiveCfg = Debug|Win32
		{7A9784ED-FDBC-47E4-8E0B-9DE4DA5F30AB}.Debug|Win32.Build.0 = Debug|Win32
		{7A9784ED-FDBC-47E4-8E0B-9DE4DA5F30AB}.Debug|x64.ActiveCfg = Debug|x64
		{7A9784ED-FDBC-47E4-8E0B-9DE4DA5F30AB}.Debug|x64.Build.0 = Debug|x64
		{7A9784ED-FDBC-47E4-8E0B-9DE4DA5F30AB}.Release|Win32.ActiveCfg = Release|Win32
		{7A9784ED-FDBC-47E4-8E0B-9DE4DA5F30AB}.Release|Win32.Build.0 = Release|Win32
		{7A9784ED-FDBC-47E4-8E0B-9DE4DA5F30AB}.Release|x64.ActiveCfg = Release|x64
		{7A9784ED-FDBC-47E4-8E0B-9DE4DA5F30AB}.Release|x64.Build.0 = Release|x64
		{398218E7-BF60-4A65-BF1E-19FCD053B83B}.Debug|Win32.ActiveCfg = Debug|Win32
		{398218E7-BF60-4A65-BF1E-19FCD053B83B}.Debug|Win32.Build.0 = Debug|Win32
		{398218E7-BF60-4A65-BF1E-19FCD053B83B}.Debug|x64.ActiveCfg = Debug|x64
		{398218E7-BF60-4A65-BF1E-19FCD053B83B}.Debug|x64.Build.0 = Debug|x64
		{398218E7-BF60-4A65-BF1E-19FCD053B83B}.Release|Win32.ActiveCfg = Release|Win32
		{398218E7-BF60-4A65-BF1E-19FCD053B83B}.Release|Win32.Build.0 = Release|Win32
		{398218E7-BF60-4A65-BF1E-19FCD053B83B}.Release|x64.ActiveCfg = Release|x64
		{398218E7-BF60-4A65-BF1E-19FCD053B83B}.Release|x64.Build.0 = Release|x64
		{42DEE088-BCCE-441B-BC3E-F25197BC0563}.Debug|Win32.ActiveCfg = Debug|Win32
		{42DEE088-BCCE-441B-BC3E-F25197BC0563}.Debug|Win32.Build.0 = Debug|Win32
		{42DEE088-BCCE-441B-BC3E-F25197BC0563}.Debug|x64.ActiveCfg = Debug|x64
		{42DEE088-BCCE-441B-BC3E-F25197BC0563}.Debug|x64.Build.0 = Debug|x64
		{42DEE088-BCCE-441B-BC3E-F25197BC0563}.Release|Win32.ActiveCfg = Release|Win32
		{42DEE088-BCCE-441B-BC3E-F25197BC0563}.Release|Win32.Build.0 = Release|Win32
		{42DEE088-BCCE-441B-BC3E-F25197BC0563}.Release|x64.ActiveCfg = Release|x64
		{42DEE088-BCCE-441B-BC3E-F25197BC0563}.Release|x64.Build.0 = Release|x64
		{019D223C-E1CB-4D19-83C5-8A16D15D2684}.Debug|Win32.ActiveCfg = Debug|Win32
		{019D223C-E1CB-4D19-83C5-8A16D15D2684}.Debug|Win32.Build.0 = Debug|Win32
		{019D223C-E1CB-4D19-83C5-8A16D15D2684}.Debug|x64.ActiveCfg = Debug|x64
		{019D223C-E1CB-4D19-83C5-8A16D15D2684}.Debug|x64.Build.0 = Debug|x64
		{019D223C-E1CB-4D19-83C5-8A16D15D2684}.Release|Win32.ActiveCfg = Release|Win32
		{019D223C-E1CB-4D19-83C5-8A16D15D2684}.Release|Win32.Build.0 = Release|Win32
		{019D223C-E1CB-4D19-83C5-8A16D15D2684}.Release|x64.ActiveCfg = Release|x64
		{019D223C-E1CB-4D19-83C5-8A16D15D2684}.Release|x64.Build.0 = Release|x64
		{202C7F59-CAAA-4F85-9550-31C5B7A9FA7E}.Debug|Win32.ActiveCfg = Debug|Win32
		{202C7F59-CAAA-4F85-9550-31C5B7A9FA7E}.Debug|Win32.Build.0 = Debug|Win32
		{202C7F59-CAAA-4F85-9550-31C5B7A9FA7E}.Debug|x64.ActiveCfg = Debug|x64
		{202C7F59-CAAA-4F85-9550-31C5B7A9FA7E}.Debug|x64.Build.0 = Debug|x64
		{202C7F59-CAAA-4F85-9550-31C5B7A9FA7E}.Release|Win32.ActiveCfg = Release|Win32
		{202C7F59-CAAA-4F85-9550-31C5B7A9FA7E}.Release|Win32.Build.0 = Release|Win32
		{202C7F59-CAAA-4F85-9550-31C5B7A9FA7E}.Release|x64.ActiveCfg = Release|x64
		{202C7F59-CAAA-4F85-9550-31C5B7A9FA7E}.Release|x64.Build.0 = Release|x64
		{7592DA1F-2DF6-4E2B-9761-F3EC91D58F61}.Debug|Win32.ActiveCfg = Debug|Win32
		{7592DA1F-2DF6-4E2B-9761-F3EC91D58F61}.Debug|Win32.Build.0 = Debug|Win32
		{7592DA1F-2DF6-4E2B-9761-F3EC91D58F61}.Debug|x64.ActiveCfg = Debug|x64
		{7592DA1F-2DF6-4E2B-9761-F3EC91D58F61}.Debug|x64.Build.0 = Debug|x64
		{7592DA1F-2DF6-4E2B-9761-F3EC91D58F61}.Release|Win32.ActiveCfg = Release|Win32
		{7592DA1F-2DF6-4E2B-9761-F3EC91D58F61}.Release|Win32.Build.0 = Release|Win32
		{7592DA1F-2DF6-4E2B-9761-F3EC91D58F61}.Release|x64.ActiveCfg = Release|x64
		{7592DA1F-2DF6-4E2B-9761-F3EC91D58F61}.Release|x64.Build.0 = Release|x64
		{7A874B7D-98DC-445D-A7A7-C3AD92D4CBB5}.Debug|Win32.ActiveCfg = Debug|Win32
		{7A874B7D-98DC-445D-A7A7-C3AD92D4CBB5}.Debug|Win32.Build.0 = Debug|Win32
		{7A874B7D-98DC-445D-A7A7-C3AD92D4CBB5}.Debug|x64.ActiveCfg = Debug|x64
		{7A874B7D-98DC-445D-A7A7-C3AD92D4CBB5}.Debug|x64.Build.0 = Debug|x64
		{7A874B7D-98DC-445D-A7A7-C3AD92D4CBB5}.Release|Win32.ActiveCfg = Release|Win32
		{7A874B7D-98DC-445D-A7A7-C3AD92D4CBB5}.Release|Win32.Build.0 = Release|Win32
		{7A874B7D-98DC-445D-A7A7-C3AD92D4CBB5}.Release|x64.ActiveCfg = Release|x64
		{7A874B7D-98DC-445D-A7A7-C3AD92D4CBB5}.Release|x64.Build.0 = Release|x64
		{BBAC67E0-11A6-46C9-B68B-80EBBEC29446}.Debug|Win32.ActiveCfg = Debug|Win32
		{BBAC67E0-11A6-46C9-B68B-80EBBEC29446}.Debug|Win32.Build.0 = Debug|Win32
		{BBAC67E0-11A6-46C9-B68B-80EBBEC29446}.Debug|x64.ActiveCfg = Debug|x64
		{BBAC67E0-11A6-46C9-B68B-80EBBEC29446}.Debug|x64.Build.0 = Debug|x64
		{BBAC67E0-11A6-46C9-B68B-80EBBEC29446}.Release|Win32.ActiveCfg = Release|Win32
		{BBAC67E0-11A6-46C9-B68B-80EBBEC29446}.Release|Win32.Build.0 = Release|Win32
		{BBAC67E0-11A6-46C9-B68B-80EBBEC29446}.Release|x64.ActiveCfg = Release|x64
		{BBAC67E0-11A6-46C9-B68B-80EBBEC29446}.Release|x64.Build.0 = Release|x64
		{8442D041-C5DB-4944-A936-45B7D2BCDB2F}.Debug|Win32.ActiveCfg = Debug|Win32
		{8442D041-C5DB-4944-A936-45B7D2BCDB2F}.Debug|Win32.Build.0 = Debug|Win32
		{8442D041-C5DB-4944-A936-45B7D2BCDB2F}.Debug|x64.ActiveCfg = Debug|x64
		{8442D041-C5DB-4944-A936-45B7D2BCDB2F}.Debug|x64.Build.0 = Debug|x64
		{8442D041-C5DB-4944-A936-45B7D2BCDB2F}.Release|Win32.ActiveCfg = Release|Win32
		{8442D041-C5DB-4944-A936-45B7D2BCDB2F}.Release|Win32.Build.0 = Release|Win32
		{8442D041-C5DB-4944-A936-45B7D2BCDB2F}.Release|x64.ActiveCfg = Release|x64
		{8442D041-C5DB-4944-A936-45B7D2BCDB2F}.Release|x64.Build.0 = Release|x64
		{D7EBABD0-5A22-462B-891E-43B28B4F8F5E}.Debug|Win32.ActiveCfg = Debug|Win32
		{D7EBABD0-5A22-462B-891E-43B28B4F8F5E}.Debug|Win32.Build.0 = Debug|Win32
		{D7EBABD0-5A22-462B-891E-43B28B4F8F5E}.Debug|x64.ActiveCfg = Debug|x64
		{D7EBABD0-5A22-462B-891E-43B28B4F8F5E}.Debug|x64.Build.0 = Debug|x64
		{D7EBABD0-5A22-462B-891E-43B28B4F8F5E}.Release|Win32.ActiveCfg = Release|Win32
		{D7EBABD0-5A22-462B-891E-43B28B4F8F5E}.Release|Win32.Build.0 = Release|Win32
		{D7EBABD0-5A22-462B-891E-43B28B4F8F5E}.Release|x64.ActiveCfg = Release|x64
		{D7EBABD0-5A22-462B-891E-43B28B4F8F5E}.Release|x64.Build.0 = Release|x64
		{10D51989-61E4-4E15-8DCC-851B609A76EE}.Debug|Win32.ActiveCfg = Debug|Win32
		{10D51989-61E4-4E15-8DCC-851B609A76EE}.Debug|Win32.Build.0 = Debug|Win32
		{10D51989-61E4-4E15-8DCC-851B609A76EE}.Debug|x64.ActiveCfg = Debug|x64
		{10D51989-61E4-4E15-8DCC-851B609A76EE}.Debug|x64.Build.0 = Debug|x64
		{10D51989-61E4-4E15-8DCC-851B609A76EE}.Release|Win32.ActiveCfg = Release|Win32
		{10D51989-61E4-4E15-8DCC-851B609A76EE}.Release|Win32.Build.0 = Release|Win32
		{10D51989-61E4-4E15-8DCC-851B609A76EE}.Release|x64.ActiveCfg = Release|x64
		{10D51989-61E4-4E15-8DCC-851B609A76EE}.Release|x64.Build.0 = Release|x64
		{7D284FDA-2AB4-4CBB-8C5C-24F443A64F7D}.Debug|Win32.ActiveCfg = Debug|Win32
		{7D284FDA-2AB4-4CBB-8C5C-24F443A64F7D}.Debug|Win32.Build.0 = Debug|Win32
		{7D284FDA-2AB4-4CBB-8C5C-24F443A64F7D}.Debug|x64.ActiveCfg = Debug|x64
		{7D284FDA-2AB4-4CBB-8C5C-24F443A64F7D}.Debug|x64.Build.0 = Debug|x64
		{7D284FDA-2AB4-4CBB-8C5C-24F443A64F7D}.Release|Win32.ActiveCfg = Release|Win32
		{7D284FDA-2AB4-4CBB-8C5C-24F443A64F7D}.Release|Win32.Build.0 = Release|Win32
		{7D284FDA-2AB4-4CBB-8C5C-24F443A64F7D}.Release|x64.ActiveCfg = Release|x64
		{7D284FDA-2AB4-4CBB-8C5C-24F443A64F7D}.Release|x64.Build.0 = Release|x64
	EndGlobalSection
	GlobalSection(SolutionProperties) = preSolution
		HideSolutionNode = FALSE
	EndGlobalSection
	GlobalSection(NestedProjects) = preSolution
		{50E28EE6-84E9-42CC-AB41-289157BE0E9D} = {1C1A6B86-0EE3-4D8E-B961-4E30D92C90A4}
		{CDE8CE62-735C-4E55-AA94-81D9839268D6} = {1C1A6B86-0EE3-4D8E-B961-4E30D92C90A4}
		{26A033AA-0157-409A-8A26-C03B71944C7E} = {1C1A6B86-0EE3-4D8E-B961-4E30D92C90A4}
		{1F00633E-4156-41D3-AD95-B4A9CA360486} = {1C1A6B86-0EE3-4D8E-B961-4E30D92C90A4}
		{7A9784ED-FDBC-47E4-8E0B-9DE4DA5F30AB} = {1C1A6B86-0EE3-4D8E-B961-4E30D92C90A4}
		{398218E7-BF60-4A65-BF1E-19FCD053B83B} = {1C1A6B86-0EE3-4D8E-B961-4E30D92C90A4}
		{42DEE088-BCCE-441B-BC3E-F25197BC0563} = {1C1A6B86-0EE3-4D8E-B961-4E30D92C90A4}
		{019D223C-E1CB-4D19-83C5-8A16D15D2684} = {1C1A6B86-0EE3-4D8E-B961-4E30D92C90A4}
		{202C7F59-CAAA-4F85-9550-31C5B7A9FA7E} = {1C1A6B86-0EE3-4D8E-B961-4E30D92C90A4}
		{7592DA1F-2DF6-4E2B-9761-F3EC91D58F61} = {1C1A6B86-0EE3-4D8E-B961-4E30D92C90A4}
		{7A874B7D-98DC-445D-A7A7-C3AD92D4CBB5} = {1C1A6B86-0EE3-4D8E-B961-4E30D92C90A4}
		{BBAC67E0-11A6-46C9-B68B-80EBBEC29446} = {1C1A6B86-0EE3-4D8E-B961-4E30D92C90A4}
		{10D51989-61E4-4E15-8DCC-851B609A76EE} = {1C1A6B86-0EE3-4D8E-B961-4E30D92C90A4}
		{7D284FDA-2AB4-4CBB-8C5C-24F443A64F7D} = {1C1A6B86-0EE3-4D8E-B961-4E30D92C90A4}
		{8442D041-C5DB-4944-A936-45B7D2BCDB2F} = {A7E75057-6A07-4732-A5D4-F4DBB6FBCC92}
		{D7EBABD0-5A22-462B-891E-43B28B4F8F5E} = {A7E75057-6A07-4732-A5D4-F4DBB6FBCC92}
	EndGlobalSection
EndGlobal
